
Microsoft Visual Studio Solution File, Format Version 12.00
# Visual Studio Version 16
VisualStudioVersion = 16.0.29006.145
MinimumVisualStudioVersion = 10.0.40219.1
Project("{FAE04EC0-301F-11D3-BF4B-00C04F79EFBC}") = "Russian Roullete", "Russian Roullete\Russian Roullete.csproj", "{238FE314-71CC-4764-B76B-4B3E51663370}"
EndProject
Project("{FAE04EC0-301F-11D3-BF4B-00C04F79EFBC}") = "RussianRoulleteUnitTesting", "RussianRoulleteUnitTesting\RussianRoulleteUnitTesting.csproj", "{9973A429-04A1-40CF-96BF-33ED82D17BDE}"
EndProject
Global
	GlobalSection(SolutionConfigurationPlatforms) = preSolution
		Debug|Any CPU = Debug|Any CPU
		Debug|x64 = Debug|x64
		Release|Any CPU = Release|Any CPU
		Release|x64 = Release|x64
	EndGlobalSection
	GlobalSection(ProjectConfigurationPlatforms) = postSolution
		{238FE314-71CC-4764-B76B-4B3E51663370}.Debug|Any CPU.ActiveCfg = Debug|Any CPU
		{238FE314-71CC-4764-B76B-4B3E51663370}.Debug|Any CPU.Build.0 = Debug|Any CPU
		{238FE314-71CC-4764-B76B-4B3E51663370}.Debug|x64.ActiveCfg = Debug|x64
		{238FE314-71CC-4764-B76B-4B3E51663370}.Debug|x64.Build.0 = Debug|x64
		{238FE314-71CC-4764-B76B-4B3E51663370}.Release|Any CPU.ActiveCfg = Release|Any CPU
		{238FE314-71CC-4764-B76B-4B3E51663370}.Release|Any CPU.Build.0 = Release|Any CPU
		{238FE314-71CC-4764-B76B-4B3E51663370}.Release|x64.ActiveCfg = Release|x64
		{238FE314-71CC-4764-B76B-4B3E51663370}.Release|x64.Build.0 = Release|x64
		{9973A429-04A1-40CF-96BF-33ED82D17BDE}.Debug|Any CPU.ActiveCfg = Debug|Any CPU
		{9973A429-04A1-40CF-96BF-33ED82D17BDE}.Debug|Any CPU.Build.0 = Debug|Any CPU
		{9973A429-04A1-40CF-96BF-33ED82D17BDE}.Debug|x64.ActiveCfg = Debug|x64
		{9973A429-04A1-40CF-96BF-33ED82D17BDE}.Debug|x64.Build.0 = Debug|x64
		{9973A429-04A1-40CF-96BF-33ED82D17BDE}.Release|Any CPU.ActiveCfg = Release|Any CPU
		{9973A429-04A1-40CF-96BF-33ED82D17BDE}.Release|Any CPU.Build.0 = Release|Any CPU
		{9973A429-04A1-40CF-96BF-33ED82D17BDE}.Release|x64.ActiveCfg = Release|x64
		{9973A429-04A1-40CF-96BF-33ED82D17BDE}.Release|x64.Build.0 = Release|x64
	EndGlobalSection
	GlobalSection(SolutionProperties) = preSolution
		HideSolutionNode = FALSE
	EndGlobalSection
	GlobalSection(ExtensibilityGlobals) = postSolution
		SolutionGuid = {2AB20070-87E9-4033-B08E-B63C52C85CFA}
	EndGlobalSection
EndGlobal
