
Microsoft Visual Studio Solution File, Format Version 12.00
# Visual Studio Version 16
VisualStudioVersion = 16.0.29006.145
MinimumVisualStudioVersion = 10.0.40219.1
Project("{FAE04EC0-301F-11D3-BF4B-00C04F79EFBC}") = "gametest", "gametest.csproj", "{819725F6-FE60-4779-BD47-AD098CBD8FD0}"
EndProject
Global
	GlobalSection(SolutionConfigurationPlatforms) = preSolution
		Debug|Any CPU = Debug|Any CPU
		Release|Any CPU = Release|Any CPU
	EndGlobalSection
	GlobalSection(ProjectConfigurationPlatforms) = postSolution
		{819725F6-FE60-4779-BD47-AD098CBD8FD0}.Debug|Any CPU.ActiveCfg = Debug|Any CPU
		{819725F6-FE60-4779-BD47-AD098CBD8FD0}.Debug|Any CPU.Build.0 = Debug|Any CPU
		{819725F6-FE60-4779-BD47-AD098CBD8FD0}.Release|Any CPU.ActiveCfg = Release|Any CPU
		{819725F6-FE60-4779-BD47-AD098CBD8FD0}.Release|Any CPU.Build.0 = Release|Any CPU
	EndGlobalSection
	GlobalSection(SolutionProperties) = preSolution
		HideSolutionNode = FALSE
	EndGlobalSection
	GlobalSection(ExtensibilityGlobals) = postSolution
		SolutionGuid = {BB81792A-9E6A-45CF-A1FC-8D7B54EB1231}
	EndGlobalSection
EndGlobal
